{
    "_meta": {
        "hash": {
            "sha256": "eb7279b623c282fe249207ae4c7567060bde2d4480500bc5c92c0aa1cabb2b59"
        },
        "pipfile-spec": 6,
        "requires": {
            "python_full_version": "3.6.5"
        },
        "sources": [
            {
                "name": "pypi",
                "url": "https://pypi.python.org/simple",
                "verify_ssl": true
            }
        ]
    },
    "default": {
        "click": {
            "hashes": [
                "sha256:29f99fc6125fbc931b758dc053b3114e55c77a6e4c6c3a2674a2dc986016381d",
                "sha256:f15516df478d5a56180fbf80e68f206010e6d160fc39fa508b65e035fd75130b"
            ],
            "index": "pypi",
            "version": "==6.7"
        },
        "django": {
            "hashes": [
                "sha256:97886b8a13bbc33bfeba2ff133035d3eca014e2309dff2b6da0bdfc0b8656613",
                "sha256:e900b73beee8977c7b887d90c6c57d68af10066b9dac898e1eaf0f82313de334"
            ],
            "index": "pypi",
            "version": "==2.0.7"
        },
        "gunicorn": {
            "hashes": [
                "sha256:aa8e0b40b4157b36a5df5e599f45c9c76d6af43845ba3b3b0efe2c70473c2471",
                "sha256:fa2662097c66f920f53f70621c6c58ca4a3c4d3434205e608e121b5b3b71f4f3"
            ],
            "index": "pypi",
            "version": "==19.9.0"
        },
        "jinja2": {
            "hashes": [
                "sha256:74c935a1b8bb9a3947c50a54766a969d4846290e1e788ea44c1392163723c3bd",
                "sha256:f84be1bb0040caca4cea721fcbbbbd61f9be9464ca236387158b0feea01914a4"
            ],
            "index": "pypi",
            "version": "==2.10"
        },
        "markupsafe": {
            "hashes": [
                "sha256:a6be69091dac236ea9c6bc7d012beab42010fa914c459791d627dad4910eb665"
            ],
            "version": "==1.0"
        },
        "pytz": {
            "hashes": [
                "sha256:a061aa0a9e06881eb8b3b2b43f05b9439d6583c206d0a6c340ff72a7b6669053",
                "sha256:ffb9ef1de172603304d9d2819af6f5ece76f2e85ec10692a524dd876e72bf277"
            ],
            "version": "==2018.5"
        },
        "ruamel.yaml": {
            "hashes": [
                "sha256:013af5c2821062692cbd8507e6bb032303ddf49e58b3be88d3a019309d629eb3",
                "sha256:0286202d56a5c792bab84df5e69007ae61651f4a6eabc1f3a2e4a928e0ad0431",
                "sha256:32187141b735175bf6b6cd5da59c4765bb7a679f443a905bf213ecad0947689e",
                "sha256:50fae9593266393b5fac9cfecf46ffdb22b9537a655bc0318e26b76e25502998",
                "sha256:56d393f65fc6f89bb8fddee5017d365b245e610ebe7064d445ab2df620007b01",
                "sha256:57ddfd69527a95de0d88080deb0fcb33d355cc9baf4e74d96fabb32be3a17a6a",
                "sha256:69bf76f475b84e44d4639b402da8b3b8af10d8ae0fdcc381231abb27da613259",
                "sha256:6e0e6069708ac7ce02637218508579ba494412b09e30619beeb71caa6ed1e02c",
                "sha256:7c749f80c36c42175cad08ed991fa2dc51b5ea298be49fbf8982e236652ae685",
                "sha256:8c70ff1b867abba90f35ac684867d00124802f9c8774c30533dd7baa5058b683",
                "sha256:92f44ed4a373ac9de0ed1f4f40f6b7c6afebeba9707b66dd328ef15b523e9d93",
                "sha256:942f1b4ef319e651cef49efba90d8f35076f6c892e7fca724faf51d886d52662",
                "sha256:97b14b751436ee4cfa6af5da02805b81e1652d55acef7b76cb5deb6918617a4c",
                "sha256:98bbf23de9509dbc81b4a90bc7f1ca95305e448758352a7ff64b9fd7d18a40eb",
                "sha256:9c70302a81b51f2ed3b6a42abb9128c9a9beaa765b73ff317310eb59c4a5131a",
                "sha256:d09af8e1a162989a61298850256e5df7a55b7b7c9a9912032313053737a1972e",
                "sha256:d4ca9dc5f4a7a1c82b33eee7fd47b4ce561c95c8aa9ec9c3f36632e50bdef297",
                "sha256:eaba1e2f7d6e8bef3fe8841db3a8a5262b9c2e1999a04989a9f95041f28c2e80",
                "sha256:f1b109e8f9203f52546434826ecafdc8a26245c12088ad4ec83225a7f20fa3b9",
                "sha256:ff814077abd0214ef596fd99dbf1f597e762e364cb78cd1fdb33a77c44bf5a95"
            ],
            "index": "pypi",
            "version": "==0.15.44"
        }
    },
    "develop": {
        "pycodestyle": {
            "hashes": [
                "sha256:74abc4e221d393ea5ce1f129ea6903209940c1ecd29e002e8c6933c2b21026e0",
                "sha256:cbc619d09254895b0d12c2c691e237b2e91e9b2ecf5e84c26b35400f93dcfb83",
                "sha256:cbfca99bd594a10f674d0cd97a3d802a1fdef635d4361e1a2658de47ed261e3a"
            ],
            "index": "pypi",
            "version": "==2.4.0"
        }
    }
}
